
Microsoft Visual Studio Solution File, Format Version 12.00
# Visual Studio Version 17
VisualStudioVersion = 17.3.32922.545
MinimumVisualStudioVersion = 10.0.40219.1
Project("{FAE04EC0-301F-11D3-BF4B-00C04F79EFBC}") = "countingsort", "countingsort\countingsort.csproj", "{34363998-9E96-4C26-AAA8-9D41D71C0D71}"
EndProject
Global
	GlobalSection(SolutionConfigurationPlatforms) = preSolution
		Debug|Any CPU = Debug|Any CPU
		Release|Any CPU = Release|Any CPU
	EndGlobalSection
	GlobalSection(ProjectConfigurationPlatforms) = postSolution
		{34363998-9E96-4C26-AAA8-9D41D71C0D71}.Debug|Any CPU.ActiveCfg = Debug|Any CPU
		{34363998-9E96-4C26-AAA8-9D41D71C0D71}.Debug|Any CPU.Build.0 = Debug|Any CPU
		{34363998-9E96-4C26-AAA8-9D41D71C0D71}.Release|Any CPU.ActiveCfg = Release|Any CPU
		{34363998-9E96-4C26-AAA8-9D41D71C0D71}.Release|Any CPU.Build.0 = Release|Any CPU
	EndGlobalSection
	GlobalSection(SolutionProperties) = preSolution
		HideSolutionNode = FALSE
	EndGlobalSection
	GlobalSection(ExtensibilityGlobals) = postSolution
		SolutionGuid = {743696E1-AA1D-4AC8-9E40-0BF42F4752F9}
	EndGlobalSection
EndGlobal
